
Microsoft Visual Studio Solution File, Format Version 12.00
# Visual Studio 15
VisualStudioVersion = 15.0.26228.12
MinimumVisualStudioVersion = 10.0.40219.1

Project("{9A19103F-16F7-4668-BE54-9A1E7A4F7556}") = "Travel.Connectors.Hotel", "Expedia\Tavisca.Connector.Hotels.Host\Travel.Connectors.Hotel.csproj", "{F4EB75F1-FA09-4EA8-BC74-8523179A3989}"
EndProject
Project("{9A19103F-16F7-4668-BE54-9A1E7A4F7556}") = "Travel.Connectors.Hotel.Tests", "Expedia\Tavisca.Connector.Hotels.Expedia.TestSuite\Travel.Connectors.Hotel.Tests.csproj", "{17E6715D-F88E-4B54-97C1-A2EFD2A7B583}"
EndProject
Global
	GlobalSection(SolutionConfigurationPlatforms) = preSolution
		Debug|Any CPU = Debug|Any CPU
		local|Any CPU = local|Any CPU
		Release|Any CPU = Release|Any CPU
	EndGlobalSection
	GlobalSection(ProjectConfigurationPlatforms) = postSolution
		{F4EB75F1-FA09-4EA8-BC74-8523179A3989}.Debug|Any CPU.ActiveCfg = Debug|Any CPU
		{F4EB75F1-FA09-4EA8-BC74-8523179A3989}.Debug|Any CPU.Build.0 = Debug|Any CPU
		{F4EB75F1-FA09-4EA8-BC74-8523179A3989}.local|Any CPU.ActiveCfg = Debug|Any CPU
		{F4EB75F1-FA09-4EA8-BC74-8523179A3989}.local|Any CPU.Build.0 = Debug|Any CPU
		{F4EB75F1-FA09-4EA8-BC74-8523179A3989}.Release|Any CPU.ActiveCfg = Release|Any CPU
		{F4EB75F1-FA09-4EA8-BC74-8523179A3989}.Release|Any CPU.Build.0 = Release|Any CPU
		{17E6715D-F88E-4B54-97C1-A2EFD2A7B583}.Debug|Any CPU.ActiveCfg = Debug|Any CPU
		{17E6715D-F88E-4B54-97C1-A2EFD2A7B583}.Debug|Any CPU.Build.0 = Debug|Any CPU
		{17E6715D-F88E-4B54-97C1-A2EFD2A7B583}.local|Any CPU.ActiveCfg = Debug|Any CPU
		{17E6715D-F88E-4B54-97C1-A2EFD2A7B583}.local|Any CPU.Build.0 = Debug|Any CPU
		{17E6715D-F88E-4B54-97C1-A2EFD2A7B583}.Release|Any CPU.ActiveCfg = Release|Any CPU
		{17E6715D-F88E-4B54-97C1-A2EFD2A7B583}.Release|Any CPU.Build.0 = Release|Any CPU
	EndGlobalSection
	GlobalSection(SolutionProperties) = preSolution
		HideSolutionNode = FALSE
	EndGlobalSection
	GlobalSection(NestedProjects) = preSolution
		
	EndGlobalSection
EndGlobal
